// !$*UTF8*$!
{
	archiveVersion = 1;
	classes = {
	};
	objectVersion = 46;
	objects = {

/* Begin PBXBuildFile section */
		AD358AA61CFC2CBD00AF937D /* main.m in Sources */ = {isa = PBXBuildFile; fileRef = AD358AA51CFC2CBD00AF937D /* main.m */; };
		AD358AA91CFC2CBD00AF937D /* AppDelegate.m in Sources */ = {isa = PBXBuildFile; fileRef = AD358AA81CFC2CBD00AF937D /* AppDelegate.m */; };
		AD358AAC1CFC2CBD00AF937D /* ViewController.m in Sources */ = {isa = PBXBuildFile; fileRef = AD358AAB1CFC2CBD00AF937D /* ViewController.m */; };
		AD358AAF1CFC2CBD00AF937D /* Main.storyboard in Resources */ = {isa = PBXBuildFile; fileRef = AD358AAD1CFC2CBD00AF937D /* Main.storyboard */; };
		AD358AB11CFC2CBD00AF937D /* Assets.xcassets in Resources */ = {isa = PBXBuildFile; fileRef = AD358AB01CFC2CBD00AF937D /* Assets.xcassets */; };
		AD358AB41CFC2CBD00AF937D /* LaunchScreen.storyboard in Resources */ = {isa = PBXBuildFile; fileRef = AD358AB21CFC2CBD00AF937D /* LaunchScreen.storyboard */; };
		AD358ABF1CFC2CBD00AF937D /* RemoteBridgeTests.m in Sources */ = {isa = PBXBuildFile; fileRef = AD358ABE1CFC2CBD00AF937D /* RemoteBridgeTests.m */; };
/* End PBXBuildFile section */

/* Begin PBXContainerItemProxy section */
		AD358ABB1CFC2CBD00AF937D /* PBXContainerItemProxy */ = {
			isa = PBXContainerItemProxy;
			containerPortal = AD358A991CFC2CBD00AF937D /* Project object */;
			proxyType = 1;
			remoteGlobalIDString = AD358AA01CFC2CBD00AF937D;
			remoteInfo = RemoteBridge;
		};
/* End PBXContainerItemProxy section */

/* Begin PBXFileReference section */
		AD358AA11CFC2CBD00AF937D /* RemoteBridge.app */ = {isa = PBXFileReference; explicitFileType = wrapper.application; includeInIndex = 0; path = RemoteBridge.app; sourceTree = BUILT_PRODUCTS_DIR; };
		AD358AA51CFC2CBD00AF937D /* main.m */ = {isa = PBXFileReference; lastKnownFileType = sourcecode.c.objc; path = main.m; sourceTree = "<group>"; };
		AD358AA71CFC2CBD00AF937D /* AppDelegate.h */ = {isa = PBXFileReference; lastKnownFileType = sourcecode.c.h; path = AppDelegate.h; sourceTree = "<group>"; };
		AD358AA81CFC2CBD00AF937D /* AppDelegate.m */ = {isa = PBXFileReference; lastKnownFileType = sourcecode.c.objc; path = AppDelegate.m; sourceTree = "<group>"; };
		AD358AAA1CFC2CBD00AF937D /* ViewController.h */ = {isa = PBXFileReference; lastKnownFileType = sourcecode.c.h; path = ViewController.h; sourceTree = "<group>"; };
		AD358AAB1CFC2CBD00AF937D /* ViewController.m */ = {isa = PBXFileReference; lastKnownFileType = sourcecode.c.objc; path = ViewController.m; sourceTree = "<group>"; };
		AD358AAE1CFC2CBD00AF937D /* Base */ = {isa = PBXFileReference; lastKnownFileType = file.storyboard; name = Base; path = Base.lproj/Main.storyboard; sourceTree = "<group>"; };
		AD358AB01CFC2CBD00AF937D /* Assets.xcassets */ = {isa = PBXFileReference; lastKnownFileType = folder.assetcatalog; path = Assets.xcassets; sourceTree = "<group>"; };
		AD358AB31CFC2CBD00AF937D /* Base */ = {isa = PBXFileReference; lastKnownFileType = file.storyboard; name = Base; path = Base.lproj/LaunchScreen.storyboard; sourceTree = "<group>"; };
		AD358AB51CFC2CBD00AF937D /* Info.plist */ = {isa = PBXFileReference; lastKnownFileType = text.plist.xml; path = Info.plist; sourceTree = "<group>"; };
		AD358ABA1CFC2CBD00AF937D /* RemoteBridgeTests.xctest */ = {isa = PBXFileReference; explicitFileType = wrapper.cfbundle; includeInIndex = 0; path = RemoteBridgeTests.xctest; sourceTree = BUILT_PRODUCTS_DIR; };
		AD358ABE1CFC2CBD00AF937D /* RemoteBridgeTests.m */ = {isa = PBXFileReference; lastKnownFileType = sourcecode.c.objc; path = RemoteBridgeTests.m; sourceTree = "<group>"; };
		AD358AC01CFC2CBD00AF937D /* Info.plist */ = {isa = PBXFileReference; lastKnownFileType = text.plist.xml; path = Info.plist; sourceTree = "<group>"; };
/* End PBXFileReference section */

/* Begin PBXFrameworksBuildPhase section */
		AD358A9E1CFC2CBD00AF937D /* Frameworks */ = {
			isa = PBXFrameworksBuildPhase;
			buildActionMask = 2147483647;
			files = (
			);
			runOnlyForDeploymentPostprocessing = 0;
		};
		AD358AB71CFC2CBD00AF937D /* Frameworks */ = {
			isa = PBXFrameworksBuildPhase;
			buildActionMask = 2147483647;
			files = (
			);
			runOnlyForDeploymentPostprocessing = 0;
		};
/* End PBXFrameworksBuildPhase section */

/* Begin PBXGroup section */
		AD358A981CFC2CBD00AF937D = {
			isa = PBXGroup;
			children = (
				AD358AA31CFC2CBD00AF937D /* RemoteBridge */,
				AD358ABD1CFC2CBD00AF937D /* RemoteBridgeTests */,
				AD358AA21CFC2CBD00AF937D /* Products */,
			);
			sourceTree = "<group>";
		};
		AD358AA21CFC2CBD00AF937D /* Products */ = {
			isa = PBXGroup;
			children = (
				AD358AA11CFC2CBD00AF937D /* RemoteBridge.app */,
				AD358ABA1CFC2CBD00AF937D /* RemoteBridgeTests.xctest */,
			);
			name = Products;
			sourceTree = "<group>";
		};
		AD358AA31CFC2CBD00AF937D /* RemoteBridge */ = {
			isa = PBXGroup;
			children = (
				AD358AA71CFC2CBD00AF937D /* AppDelegate.h */,
				AD358AA81CFC2CBD00AF937D /* AppDelegate.m */,
				AD358AAA1CFC2CBD00AF937D /* ViewController.h */,
				AD358AAB1CFC2CBD00AF937D /* ViewController.m */,
				AD358AAD1CFC2CBD00AF937D /* Main.storyboard */,
				AD358AB01CFC2CBD00AF937D /* Assets.xcassets */,
				AD358AB21CFC2CBD00AF937D /* LaunchScreen.storyboard */,
				AD358AB51CFC2CBD00AF937D /* Info.plist */,
				AD358AA41CFC2CBD00AF937D /* Supporting Files */,
			);
			path = RemoteBridge;
			sourceTree = "<group>";
		};
		AD358AA41CFC2CBD00AF937D /* Supporting Files */ = {
			isa = PBXGroup;
			children = (
				AD358AA51CFC2CBD00AF937D /* main.m */,
			);
			name = "Supporting Files";
			sourceTree = "<group>";
		};
		AD358ABD1CFC2CBD00AF937D /* RemoteBridgeTests */ = {
			isa = PBXGroup;
			children = (
				AD358ABE1CFC2CBD00AF937D /* RemoteBridgeTests.m */,
				AD358AC01CFC2CBD00AF937D /* Info.plist */,
			);
			path = RemoteBridgeTests;
			sourceTree = "<group>";
		};
/* End PBXGroup section */

/* Begin PBXNativeTarget section */
		AD358AA01CFC2CBD00AF937D /* RemoteBridge */ = {
			isa = PBXNativeTarget;
			buildConfigurationList = AD358AC31CFC2CBD00AF937D /* Build configuration list for PBXNativeTarget "RemoteBridge" */;
			buildPhases = (
				AD358A9D1CFC2CBD00AF937D /* Sources */,
				AD358A9E1CFC2CBD00AF937D /* Frameworks */,
				AD358A9F1CFC2CBD00AF937D /* Resources */,
			);
			buildRules = (
			);
			dependencies = (
			);
			name = RemoteBridge;
			productName = RemoteBridge;
			productReference = AD358AA11CFC2CBD00AF937D /* RemoteBridge.app */;
			productType = "com.apple.product-type.application";
		};
		AD358AB91CFC2CBD00AF937D /* RemoteBridgeTests */ = {
			isa = PBXNativeTarget;
			buildConfigurationList = AD358AC61CFC2CBD00AF937D /* Build configuration list for PBXNativeTarget "RemoteBridgeTests" */;
			buildPhases = (
				AD358AB61CFC2CBD00AF937D /* Sources */,
				AD358AB71CFC2CBD00AF937D /* Frameworks */,
				AD358AB81CFC2CBD00AF937D /* Resources */,
			);
			buildRules = (
			);
			dependencies = (
				AD358ABC1CFC2CBD00AF937D /* PBXTargetDependency */,
			);
			name = RemoteBridgeTests;
			productName = RemoteBridgeTests;
			productReference = AD358ABA1CFC2CBD00AF937D /* RemoteBridgeTests.xctest */;
			productType = "com.apple.product-type.bundle.unit-test";
		};
/* End PBXNativeTarget section */

/* Begin PBXProject section */
		AD358A991CFC2CBD00AF937D /* Project object */ = {
			isa = PBXProject;
			attributes = {
				LastUpgradeCheck = 0730;
				ORGANIZATIONNAME = Techery;
				TargetAttributes = {
					AD358AA01CFC2CBD00AF937D = {
						CreatedOnToolsVersion = 7.3.1;
					};
					AD358AB91CFC2CBD00AF937D = {
						CreatedOnToolsVersion = 7.3.1;
						TestTargetID = AD358AA01CFC2CBD00AF937D;
					};
				};
			};
			buildConfigurationList = AD358A9C1CFC2CBD00AF937D /* Build configuration list for PBXProject "RemoteBridge" */;
			compatibilityVersion = "Xcode 3.2";
			developmentRegion = English;
			hasScannedForEncodings = 0;
			knownRegions = (
				en,
				Base,
			);
			mainGroup = AD358A981CFC2CBD00AF937D;
			productRefGroup = AD358AA21CFC2CBD00AF937D /* Products */;
			projectDirPath = "";
			projectRoot = "";
			targets = (
				AD358AA01CFC2CBD00AF937D /* RemoteBridge */,
				AD358AB91CFC2CBD00AF937D /* RemoteBridgeTests */,
			);
		};
/* End PBXProject section */

/* Begin PBXResourcesBuildPhase section */
		AD358A9F1CFC2CBD00AF937D /* Resources */ = {
			isa = PBXResourcesBuildPhase;
			buildActionMask = 2147483647;
			files = (
				AD358AB41CFC2CBD00AF937D /* LaunchScreen.storyboard in Resources */,
				AD358AB11CFC2CBD00AF937D /* Assets.xcassets in Resources */,
				AD358AAF1CFC2CBD00AF937D /* Main.storyboard in Resources */,
			);
			runOnlyForDeploymentPostprocessing = 0;
		};
		AD358AB81CFC2CBD00AF937D /* Resources */ = {
			isa = PBXResourcesBuildPhase;
			buildActionMask = 2147483647;
			files = (
			);
			runOnlyForDeploymentPostprocessing = 0;
		};
/* End PBXResourcesBuildPhase section */

/* Begin PBXSourcesBuildPhase section */
		AD358A9D1CFC2CBD00AF937D /* Sources */ = {
			isa = PBXSourcesBuildPhase;
			buildActionMask = 2147483647;
			files = (
				AD358AAC1CFC2CBD00AF937D /* ViewController.m in Sources */,
				AD358AA91CFC2CBD00AF937D /* AppDelegate.m in Sources */,
				AD358AA61CFC2CBD00AF937D /* main.m in Sources */,
			);
			runOnlyForDeploymentPostprocessing = 0;
		};
		AD358AB61CFC2CBD00AF937D /* Sources */ = {
			isa = PBXSourcesBuildPhase;
			buildActionMask = 2147483647;
			files = (
				AD358ABF1CFC2CBD00AF937D /* RemoteBridgeTests.m in Sources */,
			);
			runOnlyForDeploymentPostprocessing = 0;
		};
/* End PBXSourcesBuildPhase section */

/* Begin PBXTargetDependency section */
		AD358ABC1CFC2CBD00AF937D /* PBXTargetDependency */ = {
			isa = PBXTargetDependency;
			target = AD358AA01CFC2CBD00AF937D /* RemoteBridge */;
			targetProxy = AD358ABB1CFC2CBD00AF937D /* PBXContainerItemProxy */;
		};
/* End PBXTargetDependency section */

/* Begin PBXVariantGroup section */
		AD358AAD1CFC2CBD00AF937D /* Main.storyboard */ = {
			isa = PBXVariantGroup;
			children = (
				AD358AAE1CFC2CBD00AF937D /* Base */,
			);
			name = Main.storyboard;
			sourceTree = "<group>";
		};
		AD358AB21CFC2CBD00AF937D /* LaunchScreen.storyboard */ = {
			isa = PBXVariantGroup;
			children = (
				AD358AB31CFC2CBD00AF937D /* Base */,
			);
			name = LaunchScreen.storyboard;
			sourceTree = "<group>";
		};
/* End PBXVariantGroup section */

/* Begin XCBuildConfiguration section */
		AD358AC11CFC2CBD00AF937D /* Debug */ = {
			isa = XCBuildConfiguration;
			buildSettings = {
				ALWAYS_SEARCH_USER_PATHS = NO;
				CLANG_ANALYZER_NONNULL = YES;
				CLANG_CXX_LANGUAGE_STANDARD = "gnu++0x";
				CLANG_CXX_LIBRARY = "libc++";
				CLANG_ENABLE_MODULES = YES;
				CLANG_ENABLE_OBJC_ARC = YES;
				CLANG_WARN_BOOL_CONVERSION = YES;
				CLANG_WARN_CONSTANT_CONVERSION = YES;
				CLANG_WARN_DIRECT_OBJC_ISA_USAGE = YES_ERROR;
				CLANG_WARN_EMPTY_BODY = YES;
				CLANG_WARN_ENUM_CONVERSION = YES;
				CLANG_WARN_INT_CONVERSION = YES;
				CLANG_WARN_OBJC_ROOT_CLASS = YES_ERROR;
				CLANG_WARN_UNREACHABLE_CODE = YES;
				CLANG_WARN__DUPLICATE_METHOD_MATCH = YES;
				"CODE_SIGN_IDENTITY[sdk=iphoneos*]" = "iPhone Developer";
				COPY_PHASE_STRIP = NO;
				DEBUG_INFORMATION_FORMAT = dwarf;
				ENABLE_STRICT_OBJC_MSGSEND = YES;
				ENABLE_TESTABILITY = YES;
				GCC_C_LANGUAGE_STANDARD = gnu99;
				GCC_DYNAMIC_NO_PIC = NO;
				GCC_NO_COMMON_BLOCKS = YES;
				GCC_OPTIMIZATION_LEVEL = 0;
				GCC_PREPROCESSOR_DEFINITIONS = (
					"DEBUG=1",
					"$(inherited)",
				);
				GCC_WARN_64_TO_32_BIT_CONVERSION = YES;
				GCC_WARN_ABOUT_RETURN_TYPE = YES_ERROR;
				GCC_WARN_UNDECLARED_SELECTOR = YES;
				GCC_WARN_UNINITIALIZED_AUTOS = YES_AGGRESSIVE;
				GCC_WARN_UNUSED_FUNCTION = YES;
				GCC_WARN_UNUSED_VARIABLE = YES;
				IPHONEOS_DEPLOYMENT_TARGET = 9.3;
				MTL_ENABLE_DEBUG_INFO = YES;
				ONLY_ACTIVE_ARCH = YES;
				SDKROOT = iphoneos;
				TARGETED_DEVICE_FAMILY = "1,2";
			};
			name = Debug;
		};
		AD358AC21CFC2CBD00AF937D /* Release */ = {
			isa = XCBuildConfiguration;
			buildSettings = {
				ALWAYS_SEARCH_USER_PATHS = NO;
				CLANG_ANALYZER_NONNULL = YES;
				CLANG_CXX_LANGUAGE_STANDARD = "gnu++0x";
				CLANG_CXX_LIBRARY = "libc++";
				CLANG_ENABLE_MODULES = YES;
				CLANG_ENABLE_OBJC_ARC = YES;
				CLANG_WARN_BOOL_CONVERSION = YES;
				CLANG_WARN_CONSTANT_CONVERSION = YES;
				CLANG_WARN_DIRECT_OBJC_ISA_USAGE = YES_ERROR;
				CLANG_WARN_EMPTY_BODY = YES;
				CLANG_WARN_ENUM_CONVERSION = YES;
				CLANG_WARN_INT_CONVERSION = YES;
				CLANG_WARN_OBJC_ROOT_CLASS = YES_ERROR;
				CLANG_WARN_UNREACHABLE_CODE = YES;
				CLANG_WARN__DUPLICATE_METHOD_MATCH = YES;
				"CODE_SIGN_IDENTITY[sdk=iphoneos*]" = "iPhone Developer";
				COPY_PHASE_STRIP = NO;
				DEBUG_INFORMATION_FORMAT = "dwarf-with-dsym";
				ENABLE_NS_ASSERTIONS = NO;
				ENABLE_STRICT_OBJC_MSGSEND = YES;
				GCC_C_LANGUAGE_STANDARD = gnu99;
				GCC_NO_COMMON_BLOCKS = YES;
				GCC_WARN_64_TO_32_BIT_CONVERSION = YES;
				GCC_WARN_ABOUT_RETURN_TYPE = YES_ERROR;
				GCC_WARN_UNDECLARED_SELECTOR = YES;
				GCC_WARN_UNINITIALIZED_AUTOS = YES_AGGRESSIVE;
				GCC_WARN_UNUSED_FUNCTION = YES;
				GCC_WARN_UNUSED_VARIABLE = YES;
				IPHONEOS_DEPLOYMENT_TARGET = 9.3;
				MTL_ENABLE_DEBUG_INFO = NO;
				SDKROOT = iphoneos;
				TARGETED_DEVICE_FAMILY = "1,2";
				VALIDATE_PRODUCT = YES;
			};
			name = Release;
		};
		AD358AC41CFC2CBD00AF937D /* Debug */ = {
			isa = XCBuildConfiguration;
			buildSettings = {
				ASSETCATALOG_COMPILER_APPICON_NAME = AppIcon;
				INFOPLIST_FILE = RemoteBridge/Info.plist;
				LD_RUNPATH_SEARCH_PATHS = "$(inherited) @executable_path/Frameworks";
				PRODUCT_BUNDLE_IDENTIFIER = io.techery.RemoteBridge;
				PRODUCT_NAME = "$(TARGET_NAME)";
			};
			name = Debug;
		};
		AD358AC51CFC2CBD00AF937D /* Release */ = {
			isa = XCBuildConfiguration;
			buildSettings = {
				ASSETCATALOG_COMPILER_APPICON_NAME = AppIcon;
				INFOPLIST_FILE = RemoteBridge/Info.plist;
				LD_RUNPATH_SEARCH_PATHS = "$(inherited) @executable_path/Frameworks";
				PRODUCT_BUNDLE_IDENTIFIER = io.techery.RemoteBridge;
				PRODUCT_NAME = "$(TARGET_NAME)";
			};
			name = Release;
		};
		AD358AC71CFC2CBD00AF937D /* Debug */ = {
			isa = XCBuildConfiguration;
			buildSettings = {
				BUNDLE_LOADER = "$(TEST_HOST)";
				INFOPLIST_FILE = RemoteBridgeTests/Info.plist;
				LD_RUNPATH_SEARCH_PATHS = "$(inherited) @executable_path/Frameworks @loader_path/Frameworks";
				PRODUCT_BUNDLE_IDENTIFIER = io.techery.RemoteBridgeTests;
				PRODUCT_NAME = "$(TARGET_NAME)";
				TEST_HOST = "$(BUILT_PRODUCTS_DIR)/RemoteBridge.app/RemoteBridge";
			};
			name = Debug;
		};
		AD358AC81CFC2CBD00AF937D /* Release */ = {
			isa = XCBuildConfiguration;
			buildSettings = {
				BUNDLE_LOADER = "$(TEST_HOST)";
				INFOPLIST_FILE = RemoteBridgeTests/Info.plist;
				LD_RUNPATH_SEARCH_PATHS = "$(inherited) @executable_path/Frameworks @loader_path/Frameworks";
				PRODUCT_BUNDLE_IDENTIFIER = io.techery.RemoteBridgeTests;
				PRODUCT_NAME = "$(TARGET_NAME)";
				TEST_HOST = "$(BUILT_PRODUCTS_DIR)/RemoteBridge.app/RemoteBridge";
			};
			name = Release;
		};
/* End XCBuildConfiguration section */

/* Begin XCConfigurationList section */
		AD358A9C1CFC2CBD00AF937D /* Build configuration list for PBXProject "RemoteBridge" */ = {
			isa = XCConfigurationList;
			buildConfigurations = (
				AD358AC11CFC2CBD00AF937D /* Debug */,
				AD358AC21CFC2CBD00AF937D /* Release */,
			);
			defaultConfigurationIsVisible = 0;
			defaultConfigurationName = Release;
		};
		AD358AC31CFC2CBD00AF937D /* Build configuration list for PBXNativeTarget "RemoteBridge" */ = {
			isa = XCConfigurationList;
			buildConfigurations = (
				AD358AC41CFC2CBD00AF937D /* Debug */,
				AD358AC51CFC2CBD00AF937D /* Release */,
			);
			defaultConfigurationIsVisible = 0;
		};
		AD358AC61CFC2CBD00AF937D /* Build configuration list for PBXNativeTarget "RemoteBridgeTests" */ = {
			isa = XCConfigurationList;
			buildConfigurations = (
				AD358AC71CFC2CBD00AF937D /* Debug */,
				AD358AC81CFC2CBD00AF937D /* Release */,
			);
			defaultConfigurationIsVisible = 0;
		};
/* End XCConfigurationList section */
	};
	rootObject = AD358A991CFC2CBD00AF937D /* Project object */;
}
